
Microsoft Visual Studio Solution File, Format Version 12.00
# Visual Studio Version 16
VisualStudioVersion = 16.0.31729.503
MinimumVisualStudioVersion = 10.0.40219.1
Project("{FAE04EC0-301F-11D3-BF4B-00C04F79EFBC}") = "RapidCard.Web.Api", "RapidCard.Web.Api\RapidCard.Web.Api.csproj", "{15819363-9444-479A-8D92-D18245CB89DC}"
EndProject
Global
	GlobalSection(SolutionConfigurationPlatforms) = preSolution
		Debug|Any CPU = Debug|Any CPU
		Release|Any CPU = Release|Any CPU
	EndGlobalSection
	GlobalSection(ProjectConfigurationPlatforms) = postSolution
		{15819363-9444-479A-8D92-D18245CB89DC}.Debug|Any CPU.ActiveCfg = Debug|Any CPU
		{15819363-9444-479A-8D92-D18245CB89DC}.Debug|Any CPU.Build.0 = Debug|Any CPU
		{15819363-9444-479A-8D92-D18245CB89DC}.Release|Any CPU.ActiveCfg = Release|Any CPU
		{15819363-9444-479A-8D92-D18245CB89DC}.Release|Any CPU.Build.0 = Release|Any CPU
	EndGlobalSection
	GlobalSection(SolutionProperties) = preSolution
		HideSolutionNode = FALSE
	EndGlobalSection
	GlobalSection(ExtensibilityGlobals) = postSolution
		SolutionGuid = {BE80264E-86F7-4BAE-9B50-91825FBC3D5A}
	EndGlobalSection
EndGlobal
